
Microsoft Visual Studio Solution File, Format Version 12.00
# Visual Studio Version 16
VisualStudioVersion = 16.0.30717.126
MinimumVisualStudioVersion = 10.0.40219.1
Project("{FAE04EC0-301F-11D3-BF4B-00C04F79EFBC}") = "ATM", "ATM\ATM.csproj", "{4F58B762-E032-4CA5-A8DA-E2C5D3FBFC07}"
EndProject
Global
	GlobalSection(SolutionConfigurationPlatforms) = preSolution
		Debug|Any CPU = Debug|Any CPU
		Release|Any CPU = Release|Any CPU
	EndGlobalSection
	GlobalSection(ProjectConfigurationPlatforms) = postSolution
		{4F58B762-E032-4CA5-A8DA-E2C5D3FBFC07}.Debug|Any CPU.ActiveCfg = Debug|Any CPU
		{4F58B762-E032-4CA5-A8DA-E2C5D3FBFC07}.Debug|Any CPU.Build.0 = Debug|Any CPU
		{4F58B762-E032-4CA5-A8DA-E2C5D3FBFC07}.Release|Any CPU.ActiveCfg = Release|Any CPU
		{4F58B762-E032-4CA5-A8DA-E2C5D3FBFC07}.Release|Any CPU.Build.0 = Release|Any CPU
	EndGlobalSection
	GlobalSection(SolutionProperties) = preSolution
		HideSolutionNode = FALSE
	EndGlobalSection
	GlobalSection(ExtensibilityGlobals) = postSolution
		SolutionGuid = {DA9BD985-C976-421C-AC38-AA2E20920A49}
	EndGlobalSection
EndGlobal
